
Microsoft Visual Studio Solution File, Format Version 12.00
# Visual Studio 14
VisualStudioVersion = 14.0.24720.0
MinimumVisualStudioVersion = 10.0.40219.1
Project("{2150E333-8FDC-42A3-9474-1A3956D46DE8}") = "src", "src", "{588208FB-28C8-4EE7-ACAA-425B597A8E9A}"
EndProject
Project("{2150E333-8FDC-42A3-9474-1A3956D46DE8}") = "Solution Items", "Solution Items", "{F3627B7E-3A82-40CC-B260-A21C15CAF926}"
	ProjectSection(SolutionItems) = preProject
		global.json = global.json
	EndProjectSection
EndProject
Project("{8BB2217D-0F2D-49D1-97BC-3654ED321F3B}") = "CodeComb.Flow", "src\CodeComb.Flow\CodeComb.Flow.xproj", "{73A2DC49-D6F9-4976-9F5E-36B2F0322923}"
EndProject
Project("{8BB2217D-0F2D-49D1-97BC-3654ED321F3B}") = "CodeComb.Flow.EntityFramewrok", "src\CodeComb.Flow.EntityFramewrok\CodeComb.Flow.EntityFramewrok.xproj", "{CBA1413C-3713-414B-876E-16774BCED74B}"
EndProject
Project("{8BB2217D-0F2D-49D1-97BC-3654ED321F3B}") = "CodeComb.Flow.Identity", "src\CodeComb.Flow.Identity\CodeComb.Flow.Identity.xproj", "{D656B753-2B0C-4822-BCEF-4463504FBC9C}"
EndProject
Global
	GlobalSection(SolutionConfigurationPlatforms) = preSolution
		Debug|Any CPU = Debug|Any CPU
		Release|Any CPU = Release|Any CPU
	EndGlobalSection
	GlobalSection(ProjectConfigurationPlatforms) = postSolution
		{73A2DC49-D6F9-4976-9F5E-36B2F0322923}.Debug|Any CPU.ActiveCfg = Debug|Any CPU
		{73A2DC49-D6F9-4976-9F5E-36B2F0322923}.Debug|Any CPU.Build.0 = Debug|Any CPU
		{73A2DC49-D6F9-4976-9F5E-36B2F0322923}.Release|Any CPU.ActiveCfg = Release|Any CPU
		{73A2DC49-D6F9-4976-9F5E-36B2F0322923}.Release|Any CPU.Build.0 = Release|Any CPU
		{CBA1413C-3713-414B-876E-16774BCED74B}.Debug|Any CPU.ActiveCfg = Debug|Any CPU
		{CBA1413C-3713-414B-876E-16774BCED74B}.Debug|Any CPU.Build.0 = Debug|Any CPU
		{CBA1413C-3713-414B-876E-16774BCED74B}.Release|Any CPU.ActiveCfg = Release|Any CPU
		{CBA1413C-3713-414B-876E-16774BCED74B}.Release|Any CPU.Build.0 = Release|Any CPU
		{D656B753-2B0C-4822-BCEF-4463504FBC9C}.Debug|Any CPU.ActiveCfg = Debug|Any CPU
		{D656B753-2B0C-4822-BCEF-4463504FBC9C}.Debug|Any CPU.Build.0 = Debug|Any CPU
		{D656B753-2B0C-4822-BCEF-4463504FBC9C}.Release|Any CPU.ActiveCfg = Release|Any CPU
		{D656B753-2B0C-4822-BCEF-4463504FBC9C}.Release|Any CPU.Build.0 = Release|Any CPU
	EndGlobalSection
	GlobalSection(SolutionProperties) = preSolution
		HideSolutionNode = FALSE
	EndGlobalSection
	GlobalSection(NestedProjects) = preSolution
		{73A2DC49-D6F9-4976-9F5E-36B2F0322923} = {588208FB-28C8-4EE7-ACAA-425B597A8E9A}
		{CBA1413C-3713-414B-876E-16774BCED74B} = {588208FB-28C8-4EE7-ACAA-425B597A8E9A}
		{D656B753-2B0C-4822-BCEF-4463504FBC9C} = {588208FB-28C8-4EE7-ACAA-425B597A8E9A}
	EndGlobalSection
EndGlobal
